
Microsoft Visual Studio Solution File, Format Version 12.00
# Visual Studio Version 17
VisualStudioVersion = 17.3.32922.545
MinimumVisualStudioVersion = 10.0.40219.1
Project("{9A19103F-16F7-4668-BE54-9A1E7A4F7556}") = "CompanyEmployees", "CompanyEmployees\CompanyEmployees.csproj", "{D94212CA-6377-425F-8447-CAE71EB880FC}"
EndProject
Project("{9A19103F-16F7-4668-BE54-9A1E7A4F7556}") = "Contracts", "Contracts\Contracts.csproj", "{9E2635C4-FF81-4294-BA52-3AD95ACA0587}"
EndProject
Project("{9A19103F-16F7-4668-BE54-9A1E7A4F7556}") = "LoggerService", "LoggerService\LoggerService.csproj", "{FA72E149-9DFC-48EC-A556-9F6C9DA40A0D}"
EndProject
Project("{9A19103F-16F7-4668-BE54-9A1E7A4F7556}") = "Entities", "Entities\Entities.csproj", "{9748B831-A16E-4BF1-9CB4-5F1779994150}"
EndProject
Project("{FAE04EC0-301F-11D3-BF4B-00C04F79EFBC}") = "Repository", "Repository\Repository.csproj", "{CDFFDF57-A5A4-40C7-9F61-C63973176A62}"
EndProject
Global
	GlobalSection(SolutionConfigurationPlatforms) = preSolution
		Debug|Any CPU = Debug|Any CPU
		Release|Any CPU = Release|Any CPU
	EndGlobalSection
	GlobalSection(ProjectConfigurationPlatforms) = postSolution
		{D94212CA-6377-425F-8447-CAE71EB880FC}.Debug|Any CPU.ActiveCfg = Debug|Any CPU
		{D94212CA-6377-425F-8447-CAE71EB880FC}.Debug|Any CPU.Build.0 = Debug|Any CPU
		{D94212CA-6377-425F-8447-CAE71EB880FC}.Release|Any CPU.ActiveCfg = Release|Any CPU
		{D94212CA-6377-425F-8447-CAE71EB880FC}.Release|Any CPU.Build.0 = Release|Any CPU
		{9E2635C4-FF81-4294-BA52-3AD95ACA0587}.Debug|Any CPU.ActiveCfg = Debug|Any CPU
		{9E2635C4-FF81-4294-BA52-3AD95ACA0587}.Debug|Any CPU.Build.0 = Debug|Any CPU
		{9E2635C4-FF81-4294-BA52-3AD95ACA0587}.Release|Any CPU.ActiveCfg = Release|Any CPU
		{9E2635C4-FF81-4294-BA52-3AD95ACA0587}.Release|Any CPU.Build.0 = Release|Any CPU
		{FA72E149-9DFC-48EC-A556-9F6C9DA40A0D}.Debug|Any CPU.ActiveCfg = Debug|Any CPU
		{FA72E149-9DFC-48EC-A556-9F6C9DA40A0D}.Debug|Any CPU.Build.0 = Debug|Any CPU
		{FA72E149-9DFC-48EC-A556-9F6C9DA40A0D}.Release|Any CPU.ActiveCfg = Release|Any CPU
		{FA72E149-9DFC-48EC-A556-9F6C9DA40A0D}.Release|Any CPU.Build.0 = Release|Any CPU
		{9748B831-A16E-4BF1-9CB4-5F1779994150}.Debug|Any CPU.ActiveCfg = Debug|Any CPU
		{9748B831-A16E-4BF1-9CB4-5F1779994150}.Debug|Any CPU.Build.0 = Debug|Any CPU
		{9748B831-A16E-4BF1-9CB4-5F1779994150}.Release|Any CPU.ActiveCfg = Release|Any CPU
		{9748B831-A16E-4BF1-9CB4-5F1779994150}.Release|Any CPU.Build.0 = Release|Any CPU
		{CDFFDF57-A5A4-40C7-9F61-C63973176A62}.Debug|Any CPU.ActiveCfg = Debug|Any CPU
		{CDFFDF57-A5A4-40C7-9F61-C63973176A62}.Debug|Any CPU.Build.0 = Debug|Any CPU
		{CDFFDF57-A5A4-40C7-9F61-C63973176A62}.Release|Any CPU.ActiveCfg = Release|Any CPU
		{CDFFDF57-A5A4-40C7-9F61-C63973176A62}.Release|Any CPU.Build.0 = Release|Any CPU
	EndGlobalSection
	GlobalSection(SolutionProperties) = preSolution
		HideSolutionNode = FALSE
	EndGlobalSection
	GlobalSection(ExtensibilityGlobals) = postSolution
		SolutionGuid = {C4DE6751-1042-484A-A557-8D82E36A8FFE}
	EndGlobalSection
EndGlobal
